PODS:
  - AlicloudPDNS (2.1.9)
  - WoodPeckeriOS (1.4.3)

DEPENDENCIES:
  - AlicloudPDNS (= 2.1.9)
  - WoodPeckeriOS

SPEC REPOS:
  https://github.com/aliyun/aliyun-specs.git:
    - AlicloudPDNS
  https://github.com/CocoaPods/Specs:
    - WoodPeckeriOS

SPEC CHECKSUMS:
  AlicloudPDNS: 6eda4d8af312b1e0824a58d97a2f5edf71531186
  WoodPeckeriOS: d76940519d27513155959a659f0d1142b5ccc081

PODFILE CHECKSUM: 3b32a8ff6ef990a152393930d437d2b6a9026d57

COCOAPODS: 1.17.0
