// !$*UTF8*$!
{
	archiveVersion = 1;
	classes = {
	};
	objectVersion = 77;
	objects = {

/* Begin PBXBuildFile section */
		28A1C0010000000000000001 /* Kingfisher in Frameworks */ = {isa = PBXBuildFile; productRef = 28A1C0010000000000000003 /* Kingfisher */; };
		28A1C0010000000000000002 /* CocoaAsyncSocket in Frameworks */ = {isa = PBXBuildFile; productRef = 28A1C0010000000000000004 /* CocoaAsyncSocket */; };
		4F605F5B45FF0DA04D58B367 /* Pods_ddlNew.framework in Frameworks */ = {isa = PBXBuildFile; fileRef = 7CFD8FD33BBD2B9E314ABF93 /* Pods_ddlNew.framework */; };
		796572EA946FB6FC559BC943 /* Foundation.framework in Frameworks */ = {isa = PBXBuildFile; fileRef = 70AF31731E8FA4AB6D0A7FE4 /* Foundation.framework */; };
		91B8712AFD7842FAB03C89F9 /* Sentry in Frameworks */ = {isa = PBXBuildFile; productRef = E70490D2949F485DB50D1748 /* Sentry */; };
		A71B2C3D4E5F60718293A403 /* Moya in Frameworks */ = {isa = PBXBuildFile; productRef = A71B2C3D4E5F60718293A401 /* Moya */; };
		A71B2C3D4E5F60718293A406 /* RxSwift in Frameworks */ = {isa = PBXBuildFile; productRef = A71B2C3D4E5F60718293A405 /* RxSwift */; };
		A71B2C3D4E5F60718293A408 /* RxMoya in Frameworks */ = {isa = PBXBuildFile; productRef = A71B2C3D4E5F60718293A407 /* RxMoya */; };
		A71B2C3D4E5F60718293A410 /* RxCocoa in Frameworks */ = {isa = PBXBuildFile; productRef = A71B2C3D4E5F60718293A409 /* RxCocoa */; };
		AF019ABC305D300000000003 /* WCDBSwiftDynamic in Frameworks */ = {isa = PBXBuildFile; productRef = AF019ABC305D300000000002 /* WCDBSwiftDynamic */; };
		AF019ABC305D300000000006 /* UIAdapter in Frameworks */ = {isa = PBXBuildFile; productRef = AF019ABC305D300000000005 /* UIAdapter */; };
		AF019ABC305D300000000009 /* AlertToast in Frameworks */ = {isa = PBXBuildFile; productRef = AF019ABC305D300000000008 /* AlertToast */; };
		AF019ABC305D30000000000C /* SwiftUIX in Frameworks */ = {isa = PBXBuildFile; productRef = AF019ABC305D30000000000B /* SwiftUIX */; };
		AF019ABC305D30000000000F /* SwiftUIIntrospect in Frameworks */ = {isa = PBXBuildFile; productRef = AF019ABC305D30000000000E /* SwiftUIIntrospect */; };
		AF019ABC305D300000000010 /* WCDBSwiftDynamic in Embed Frameworks */ = {isa = PBXBuildFile; productRef = AF019ABC305D300000000002 /* WCDBSwiftDynamic */; settings = {ATTRIBUTES = (CodeSignOnCopy, RemoveHeadersOnCopy, ); }; };
		C0D3A0010000000000000001 /* MMKV in Frameworks */ = {isa = PBXBuildFile; productRef = C0D3A0010000000000000002 /* MMKV */; };
		C0D3A0010000000000000003 /* Localize_Swift in Frameworks */ = {isa = PBXBuildFile; productRef = C0D3A0010000000000000004 /* Localize_Swift */; };
		DD4B2D4F306274680031D035 /* ObjectMapper in Frameworks */ = {isa = PBXBuildFile; productRef = DD4B2D4E306274680031D035 /* ObjectMapper */; };
		DDA7937D3064B6D9002421B4 /* SwiftProtobuf in Frameworks */ = {isa = PBXBuildFile; productRef = DDA7937C3064B6D9002421B4 /* SwiftProtobuf */; };
		DDC481FB306101510097F2C3 /* TBBasicLib in Frameworks */ = {isa = PBXBuildFile; productRef = DDC481FA306101510097F2C3 /* TBBasicLib */; };
		F479ADD160251E41405D2E8A /* MemberJourneyTests.swift in Sources */ = {isa = PBXBuildFile; fileRef = EB4F7CF770A67687AD9F9CBC /* MemberJourneyTests.swift */; };
/* End PBXBuildFile section */

/* Begin PBXContainerItemProxy section */
		2D58775A27A1677A36550055 /* PBXContainerItemProxy */ = {
			isa = PBXContainerItemProxy;
			containerPortal = DD12A8C4305CD63A005799BD /* Project object */;
			proxyType = 1;
			remoteGlobalIDString = DD12A8CB305CD63A005799BD;
			remoteInfo = ddlNew;
		};
/* End PBXContainerItemProxy section */

/* Begin PBXCopyFilesBuildPhase section */
		AF019ABC305D300000000011 /* Embed Frameworks */ = {
			isa = PBXCopyFilesBuildPhase;
			buildActionMask = 2147483647;
			dstPath = "";
			dstSubfolderSpec = 10;
			files = (
				AF019ABC305D300000000010 /* WCDBSwiftDynamic in Embed Frameworks */,
			);
			name = "Embed Frameworks";
			runOnlyForDeploymentPostprocessing = 0;
		};
/* End PBXCopyFilesBuildPhase section */

/* Begin PBXFileReference section */
		1E47D5B2350916F8A86464A3 /* Pods-ddlNew.debug.xcconfig */ = {isa = PBXFileReference; includeInIndex = 1; lastKnownFileType = text.xcconfig; name = "Pods-ddlNew.debug.xcconfig"; path = "Target Support Files/Pods-ddlNew/Pods-ddlNew.debug.xcconfig"; sourceTree = "<group>"; };
		70AF31731E8FA4AB6D0A7FE4 /* Foundation.framework */ = {isa = PBXFileReference; lastKnownFileType = wrapper.framework; name = Foundation.framework; path = Platforms/iPhoneOS.platform/Developer/SDKs/iPhoneOS26.0.sdk/System/Library/Frameworks/Foundation.framework; sourceTree = DEVELOPER_DIR; };
		7CFD8FD33BBD2B9E314ABF93 /* Pods_ddlNew.framework */ = {isa = PBXFileReference; explicitFileType = wrapper.framework; includeInIndex = 0; path = Pods_ddlNew.framework; sourceTree = BUILT_PRODUCTS_DIR; };
		DD12A8CC305CD63A005799BD /* ddlNew.app */ = {isa = PBXFileReference; explicitFileType = wrapper.application; includeInIndex = 0; path = ddlNew.app; sourceTree = BUILT_PRODUCTS_DIR; };
		E8A4295B1CBE575C234CB752 /* ddlNewUITests.xctest */ = {isa = PBXFileReference; explicitFileType = wrapper.cfbundle; includeInIndex = 0; path = ddlNewUITests.xctest; sourceTree = BUILT_PRODUCTS_DIR; };
		EB4F7CF770A67687AD9F9CBC /* MemberJourneyTests.swift */ = {isa = PBXFileReference; includeInIndex = 1; lastKnownFileType = sourcecode.swift; path = MemberJourneyTests.swift; sourceTree = "<group>"; };
		F450AC13BFE6238D095ADEDD /* Pods-ddlNew.release.xcconfig */ = {isa = PBXFileReference; includeInIndex = 1; lastKnownFileType = text.xcconfig; name = "Pods-ddlNew.release.xcconfig"; path = "Target Support Files/Pods-ddlNew/Pods-ddlNew.release.xcconfig"; sourceTree = "<group>"; };
/* End PBXFileReference section */

/* Begin PBXFileSystemSynchronizedBuildFileExceptionSet section */
		DDA78C5630636E3E002421B4 /* Exceptions for "ddlNew" folder in "ddlNew" target */ = {
			isa = PBXFileSystemSynchronizedBuildFileExceptionSet;
			membershipExceptions = (
				Info.plist,
			);
			target = DD12A8CB305CD63A005799BD /* ddlNew */;
		};
/* End PBXFileSystemSynchronizedBuildFileExceptionSet section */

/* Begin PBXFileSystemSynchronizedRootGroup section */
		DD12A8CE305CD63A005799BD /* ddlNew */ = {
			isa = PBXFileSystemSynchronizedRootGroup;
			exceptions = (
				DDA78C5630636E3E002421B4 /* Exceptions for "ddlNew" folder in "ddlNew" target */,
			);
			path = ddlNew;
			sourceTree = "<group>";
		};
/* End PBXFileSystemSynchronizedRootGroup section */

/* Begin PBXFrameworksBuildPhase section */
		AC7C0C2B800FA73CFEB3FC74 /* Frameworks */ = {
			isa = PBXFrameworksBuildPhase;
			buildActionMask = 2147483647;
			files = (
				796572EA946FB6FC559BC943 /* Foundation.framework in Frameworks */,
			);
			runOnlyForDeploymentPostprocessing = 0;
		};
		DD12A8C9305CD63A005799BD /* Frameworks */ = {
			isa = PBXFrameworksBuildPhase;
			buildActionMask = 2147483647;
			files = (
				28A1C0010000000000000001 /* Kingfisher in Frameworks */,
				28A1C0010000000000000002 /* CocoaAsyncSocket in Frameworks */,
				DD4B2D4F306274680031D035 /* ObjectMapper in Frameworks */,
				4F605F5B45FF0DA04D58B367 /* Pods_ddlNew.framework in Frameworks */,
				DDC481FB306101510097F2C3 /* TBBasicLib in Frameworks */,
				C0D3A0010000000000000001 /* MMKV in Frameworks */,
				C0D3A0010000000000000003 /* Localize_Swift in Frameworks */,
				AF019ABC305D300000000003 /* WCDBSwiftDynamic in Frameworks */,
				AF019ABC305D300000000006 /* UIAdapter in Frameworks */,
				AF019ABC305D30000000000F /* SwiftUIIntrospect in Frameworks */,
				AF019ABC305D30000000000C /* SwiftUIX in Frameworks */,
				AF019ABC305D300000000009 /* AlertToast in Frameworks */,
				A71B2C3D4E5F60718293A403 /* Moya in Frameworks */,
				A71B2C3D4E5F60718293A406 /* RxSwift in Frameworks */,
				A71B2C3D4E5F60718293A408 /* RxMoya in Frameworks */,
				A71B2C3D4E5F60718293A410 /* RxCocoa in Frameworks */,
				91B8712AFD7842FAB03C89F9 /* Sentry in Frameworks */,
				DDA7937D3064B6D9002421B4 /* SwiftProtobuf in Frameworks */,
			);
			runOnlyForDeploymentPostprocessing = 0;
		};
/* End PBXFrameworksBuildPhase section */

/* Begin PBXGroup section */
		66AABE754F7E7DDD11468F34 /* iOS */ = {
			isa = PBXGroup;
			children = (
				70AF31731E8FA4AB6D0A7FE4 /* Foundation.framework */,
			);
			name = iOS;
			sourceTree = "<group>";
		};
		6BE211773B972D2BB3F4D6DD /* Frameworks */ = {
			isa = PBXGroup;
			children = (
				7CFD8FD33BBD2B9E314ABF93 /* Pods_ddlNew.framework */,
				66AABE754F7E7DDD11468F34 /* iOS */,
			);
			name = Frameworks;
			sourceTree = "<group>";
		};
		BE671F3CBAF9F8CD86046600 /* ddlNewUITests */ = {
			isa = PBXGroup;
			children = (
				EB4F7CF770A67687AD9F9CBC /* MemberJourneyTests.swift */,
			);
			path = ddlNewUITests;
			sourceTree = "<group>";
		};
		DD12A8C3305CD63A005799BD = {
			isa = PBXGroup;
			children = (
				DD12A8CE305CD63A005799BD /* ddlNew */,
				DD12A8CD305CD63A005799BD /* Products */,
				FC7962CA509B5BB721310403 /* Pods */,
				6BE211773B972D2BB3F4D6DD /* Frameworks */,
				BE671F3CBAF9F8CD86046600 /* ddlNewUITests */,
			);
			sourceTree = "<group>";
		};
		DD12A8CD305CD63A005799BD /* Products */ = {
			isa = PBXGroup;
			children = (
				DD12A8CC305CD63A005799BD /* ddlNew.app */,
				E8A4295B1CBE575C234CB752 /* ddlNewUITests.xctest */,
			);
			name = Products;
			sourceTree = "<group>";
		};
		FC7962CA509B5BB721310403 /* Pods */ = {
			isa = PBXGroup;
			children = (
				1E47D5B2350916F8A86464A3 /* Pods-ddlNew.debug.xcconfig */,
				F450AC13BFE6238D095ADEDD /* Pods-ddlNew.release.xcconfig */,
			);
			path = Pods;
			sourceTree = "<group>";
		};
/* End PBXGroup section */

/* Begin PBXNativeTarget section */
		116BB00C73A48A249D22FB9C /* ddlNewUITests */ = {
			isa = PBXNativeTarget;
			buildConfigurationList = 89CC7A03544E3226A7B81D3D /* Build configuration list for PBXNativeTarget "ddlNewUITests" */;
			buildPhases = (
				850E69F1D5C5F1D85C3412F1 /* Sources */,
				AC7C0C2B800FA73CFEB3FC74 /* Frameworks */,
				0F6449AF5B597863D8155898 /* Resources */,
			);
			buildRules = (
			);
			dependencies = (
				9E1AA5B91BA86FC4147BDCF7 /* PBXTargetDependency */,
			);
			name = ddlNewUITests;
			productName = ddlNewUITests;
			productReference = E8A4295B1CBE575C234CB752 /* ddlNewUITests.xctest */;
			productType = "com.apple.product-type.bundle.ui-testing";
		};
		DD12A8CB305CD63A005799BD /* ddlNew */ = {
			isa = PBXNativeTarget;
			buildConfigurationList = DD12A8D7305CD63C005799BD /* Build configuration list for PBXNativeTarget "ddlNew" */;
			buildPhases = (
				51DDDF3217EB7B546716265C /* [CP] Check Pods Manifest.lock */,
				DD12A8C8305CD63A005799BD /* Sources */,
				DD12A8C9305CD63A005799BD /* Frameworks */,
				DD12A8CA305CD63A005799BD /* Resources */,
				AF019ABC305D300000000012 /* WCDB Privacy Manifest */,
				AF019ABC305D300000000011 /* Embed Frameworks */,
				F65538465AE848B195C6A3AD /* Upload Debug Symbols to Sentry */,
				2A314831F265E534FA32D44F /* [CP] Embed Pods Frameworks */,
			);
			buildRules = (
			);
			dependencies = (
			);
			fileSystemSynchronizedGroups = (
				DD12A8CE305CD63A005799BD /* ddlNew */,
			);
			name = ddlNew;
			packageProductDependencies = (
				28A1C0010000000000000003 /* Kingfisher */,
				28A1C0010000000000000004 /* CocoaAsyncSocket */,
				AF019ABC305D300000000002 /* WCDBSwiftDynamic */,
				AF019ABC305D300000000005 /* UIAdapter */,
				AF019ABC305D30000000000E /* SwiftUIIntrospect */,
				AF019ABC305D30000000000B /* SwiftUIX */,
				AF019ABC305D300000000008 /* AlertToast */,
				E70490D2949F485DB50D1748 /* Sentry */,
				DDC481FA306101510097F2C3 /* TBBasicLib */,
				C0D3A0010000000000000002 /* MMKV */,
				C0D3A0010000000000000004 /* Localize_Swift */,
				DD4B2D4E306274680031D035 /* ObjectMapper */,
				A71B2C3D4E5F60718293A401 /* Moya */,
				A71B2C3D4E5F60718293A405 /* RxSwift */,
				A71B2C3D4E5F60718293A407 /* RxMoya */,
				A71B2C3D4E5F60718293A409 /* RxCocoa */,
				DDA7937C3064B6D9002421B4 /* SwiftProtobuf */,
			);
			productName = ddlNew;
			productReference = DD12A8CC305CD63A005799BD /* ddlNew.app */;
			productType = "com.apple.product-type.application";
		};
/* End PBXNativeTarget section */

/* Begin PBXProject section */
		DD12A8C4305CD63A005799BD /* Project object */ = {
			isa = PBXProject;
			attributes = {
				BuildIndependentTargetsInParallel = 1;
				LastSwiftUpdateCheck = 2660;
				LastUpgradeCheck = 2660;
				TargetAttributes = {
					DD12A8CB305CD63A005799BD = {
						CreatedOnToolsVersion = 26.6;
						LastSwiftMigration = 2700;
					};
				};
			};
			buildConfigurationList = DD12A8C7305CD63A005799BD /* Build configuration list for PBXProject "ddlNew" */;
			developmentRegion = "zh-Hans";
			hasScannedForEncodings = 0;
			knownRegions = (
				"zh-Hans",
				en,
				Base,
			);
			mainGroup = DD12A8C3305CD63A005799BD;
			minimizedProjectReferenceProxies = 1;
			packageReferences = (
				28A1C0010000000000000005 /* XCRemoteSwiftPackageReference "Kingfisher" */,
				28A1C0010000000000000006 /* XCRemoteSwiftPackageReference "CocoaAsyncSocket" */,
				DD107D83305D254A0022CB3C /* XCRemoteSwiftPackageReference "TBBasicLib" */,
				C0D3A0010000000000000005 /* XCRemoteSwiftPackageReference "MMKV" */,
				C0D3A0010000000000000006 /* XCRemoteSwiftPackageReference "Localize-Swift" */,
				AF019ABC305D300000000001 /* XCRemoteSwiftPackageReference "wcdb" */,
				AF019ABC305D300000000004 /* XCRemoteSwiftPackageReference "UIAdapter" */,
				AF019ABC305D30000000000D /* XCRemoteSwiftPackageReference "swiftui-introspect" */,
				AF019ABC305D30000000000A /* XCRemoteSwiftPackageReference "SwiftUIX" */,
				AF019ABC305D300000000007 /* XCRemoteSwiftPackageReference "AlertToast" */,
				4142392EA096483992E8FCF3 /* XCRemoteSwiftPackageReference "sentry-cocoa" */,
				DD4B2D4D306274680031D035 /* XCRemoteSwiftPackageReference "ObjectMapper" */,
				A71B2C3D4E5F60718293A402 /* XCRemoteSwiftPackageReference "Moya" */,
				A71B2C3D4E5F60718293A404 /* XCRemoteSwiftPackageReference "RxSwift" */,
				DDA7937B3064B6D8002421B4 /* XCRemoteSwiftPackageReference "swift-protobuf" */,
			);
			preferredProjectObjectVersion = 77;
			productRefGroup = DD12A8CD305CD63A005799BD /* Products */;
			projectDirPath = "";
			projectRoot = "";
			targets = (
				DD12A8CB305CD63A005799BD /* ddlNew */,
				116BB00C73A48A249D22FB9C /* ddlNewUITests */,
			);
		};
/* End PBXProject section */

/* Begin PBXResourcesBuildPhase section */
		0F6449AF5B597863D8155898 /* Resources */ = {
			isa = PBXResourcesBuildPhase;
			buildActionMask = 2147483647;
			files = (
			);
			runOnlyForDeploymentPostprocessing = 0;
		};
		DD12A8CA305CD63A005799BD /* Resources */ = {
			isa = PBXResourcesBuildPhase;
			buildActionMask = 2147483647;
			files = (
			);
			runOnlyForDeploymentPostprocessing = 0;
		};
/* End PBXResourcesBuildPhase section */

/* Begin PBXShellScriptBuildPhase section */
		2A314831F265E534FA32D44F /* [CP] Embed Pods Frameworks */ = {
			isa = PBXShellScriptBuildPhase;
			buildActionMask = 2147483647;
			files = (
			);
			inputFileListPaths = (
				"${PODS_ROOT}/Target Support Files/Pods-ddlNew/Pods-ddlNew-frameworks-${CONFIGURATION}-input-files.xcfilelist",
			);
			inputPaths = (
			);
			name = "[CP] Embed Pods Frameworks";
			outputFileListPaths = (
				"${PODS_ROOT}/Target Support Files/Pods-ddlNew/Pods-ddlNew-frameworks-${CONFIGURATION}-output-files.xcfilelist",
			);
			outputPaths = (
			);
			runOnlyForDeploymentPostprocessing = 0;
			shellPath = /bin/sh;
			shellScript = "\"${PODS_ROOT}/Target Support Files/Pods-ddlNew/Pods-ddlNew-frameworks.sh\"\n";
			showEnvVarsInLog = 0;
		};
		51DDDF3217EB7B546716265C /* [CP] Check Pods Manifest.lock */ = {
			isa = PBXShellScriptBuildPhase;
			buildActionMask = 2147483647;
			files = (
			);
			inputFileListPaths = (
			);
			inputPaths = (
				"${PODS_PODFILE_DIR_PATH}/Podfile.lock",
				"${PODS_ROOT}/Manifest.lock",
			);
			name = "[CP] Check Pods Manifest.lock";
			outputFileListPaths = (
			);
			outputPaths = (
				"$(DERIVED_FILE_DIR)/Pods-ddlNew-checkManifestLockResult.txt",
			);
			runOnlyForDeploymentPostprocessing = 0;
			shellPath = /bin/sh;
			shellScript = "diff \"${PODS_PODFILE_DIR_PATH}/Podfile.lock\" \"${PODS_ROOT}/Manifest.lock\" > /dev/null\nif [ $? != 0 ] ; then\n    # print error to STDERR\n    echo \"error: The sandbox is not in sync with the Podfile.lock. Run 'pod install' or update your CocoaPods installation.\" >&2\n    exit 1\nfi\n# This output is used by Xcode 'outputs' to avoid re-running this script phase.\necho \"SUCCESS\" > \"${SCRIPT_OUTPUT_FILE_0}\"\n";
			showEnvVarsInLog = 0;
		};
		AF019ABC305D300000000012 /* WCDB Privacy Manifest */ = {
			isa = PBXShellScriptBuildPhase;
			buildActionMask = 2147483647;
			files = (
			);
			inputPaths = (
				"$(SRCROOT)/Config/Privacy/WCDBSwiftDynamic/PrivacyInfo.xcprivacy",
				"$(WCDB_PRIVACY_FRAMEWORK_$(DEPLOYMENT_LOCATION))/WCDBSwiftDynamic",
			);
			name = "WCDB Privacy Manifest";
			outputPaths = (
				"$(WCDB_PRIVACY_FRAMEWORK_$(DEPLOYMENT_LOCATION))/PrivacyInfo.xcprivacy",
			);
			runOnlyForDeploymentPostprocessing = 0;
			shellPath = /bin/sh;
			shellScript = "set -eu\n/usr/bin/plutil -lint \"$SCRIPT_INPUT_FILE_0\"\n/bin/cp \"$SCRIPT_INPUT_FILE_0\" \"$SCRIPT_OUTPUT_FILE_0\"\n";
			showEnvVarsInLog = 0;
		};
		F65538465AE848B195C6A3AD /* Upload Debug Symbols to Sentry */ = {
			isa = PBXShellScriptBuildPhase;
			buildActionMask = 2147483647;
			files = (
			);
			inputPaths = (
				"${DWARF_DSYM_FOLDER_PATH}/${DWARF_DSYM_FILE_NAME}/Contents/Resources/DWARF/${TARGET_NAME}",
			);
			name = "Upload Debug Symbols to Sentry";
			outputPaths = (
			);
			runOnlyForDeploymentPostprocessing = 0;
			shellPath = /bin/sh;
			shellScript = "# This script is responsible for uploading debug symbols and source context for Sentry.\nif which sentry-cli >/dev/null; then\n  export SENTRY_ORG=der-gop\n  export SENTRY_PROJECT=dingdongliao\n  ERROR=$(sentry-cli debug-files upload --include-sources \"$DWARF_DSYM_FOLDER_PATH/$DWARF_DSYM_FILE_NAME\" 2>&1 >/dev/null)\n  if [ ! $? -eq 0 ]; then\n    echo \"warning: sentry-cli - $ERROR\"\n  fi\nelse\n  echo \"warning: sentry-cli not installed, download from https://github.com/getsentry/sentry-cli/releases\"\nfi\n";
		};
/* End PBXShellScriptBuildPhase section */

/* Begin PBXSourcesBuildPhase section */
		850E69F1D5C5F1D85C3412F1 /* Sources */ = {
			isa = PBXSourcesBuildPhase;
			buildActionMask = 2147483647;
			files = (
				F479ADD160251E41405D2E8A /* MemberJourneyTests.swift in Sources */,
			);
			runOnlyForDeploymentPostprocessing = 0;
		};
		DD12A8C8305CD63A005799BD /* Sources */ = {
			isa = PBXSourcesBuildPhase;
			buildActionMask = 2147483647;
			files = (
			);
			runOnlyForDeploymentPostprocessing = 0;
		};
/* End PBXSourcesBuildPhase section */

/* Begin PBXTargetDependency section */
		9E1AA5B91BA86FC4147BDCF7 /* PBXTargetDependency */ = {
			isa = PBXTargetDependency;
			name = ddlNew;
			target = DD12A8CB305CD63A005799BD /* ddlNew */;
			targetProxy = 2D58775A27A1677A36550055 /* PBXContainerItemProxy */;
		};
/* End PBXTargetDependency section */

/* Begin XCBuildConfiguration section */
		9F68B8A76DA4AC78F0F22182 /* Release */ = {
			isa = XCBuildConfiguration;
			buildSettings = {
				CLANG_ENABLE_OBJC_WEAK = NO;
				CODE_SIGN_STYLE = Automatic;
				GENERATE_INFOPLIST_FILE = YES;
				IPHONEOS_DEPLOYMENT_TARGET = 15.0;
				PRODUCT_BUNDLE_IDENTIFIER = com.sigua.ddlNew.UITests;
				PRODUCT_NAME = "$(TARGET_NAME)";
				SDKROOT = iphoneos;
				SWIFT_VERSION = 5.0;
				TARGETED_DEVICE_FAMILY = "1,2";
				TEST_TARGET_NAME = ddlNew;
				VALIDATE_PRODUCT = YES;
			};
			name = Release;
		};
		DD12A8D5305CD63C005799BD /* Debug */ = {
			isa = XCBuildConfiguration;
			buildSettings = {
				ALWAYS_SEARCH_USER_PATHS = NO;
				ASSETCATALOG_COMPILER_GENERATE_SWIFT_ASSET_SYMBOL_EXTENSIONS = YES;
				CLANG_ANALYZER_NONNULL = YES;
				CLANG_ANALYZER_NUMBER_OBJECT_CONVERSION = YES_AGGRESSIVE;
				CLANG_CXX_LANGUAGE_STANDARD = "gnu++20";
				CLANG_ENABLE_MODULES = YES;
				CLANG_ENABLE_OBJC_ARC = YES;
				CLANG_ENABLE_OBJC_WEAK = YES;
				CLANG_WARN_BLOCK_CAPTURE_AUTORELEASING = YES;
				CLANG_WARN_BOOL_CONVERSION = YES;
				CLANG_WARN_COMMA = YES;
				CLANG_WARN_CONSTANT_CONVERSION = YES;
				CLANG_WARN_DEPRECATED_OBJC_IMPLEMENTATIONS = YES;
				CLANG_WARN_DIRECT_OBJC_ISA_USAGE = YES_ERROR;
				CLANG_WARN_DOCUMENTATION_COMMENTS = YES;
				CLANG_WARN_EMPTY_BODY = YES;
				CLANG_WARN_ENUM_CONVERSION = YES;
				CLANG_WARN_INFINITE_RECURSION = YES;
				CLANG_WARN_INT_CONVERSION = YES;
				CLANG_WARN_NON_LITERAL_NULL_CONVERSION = YES;
				CLANG_WARN_OBJC_IMPLICIT_RETAIN_SELF = YES;
				CLANG_WARN_OBJC_LITERAL_CONVERSION = YES;
				CLANG_WARN_OBJC_ROOT_CLASS = YES_ERROR;
				CLANG_WARN_QUOTED_INCLUDE_IN_FRAMEWORK_HEADER = YES;
				CLANG_WARN_RANGE_LOOP_ANALYSIS = YES;
				CLANG_WARN_STRICT_PROTOTYPES = YES;
				CLANG_WARN_SUSPICIOUS_MOVE = YES;
				CLANG_WARN_UNGUARDED_AVAILABILITY = YES_AGGRESSIVE;
				CLANG_WARN_UNREACHABLE_CODE = YES;
				CLANG_WARN__DUPLICATE_METHOD_MATCH = YES;
				COPY_PHASE_STRIP = NO;
				DEBUG_INFORMATION_FORMAT = dwarf;
				DEVELOPMENT_TEAM = DGK6VR7P2D;
				ENABLE_STRICT_OBJC_MSGSEND = YES;
				ENABLE_TESTABILITY = YES;
				ENABLE_USER_SCRIPT_SANDBOXING = YES;
				GCC_C_LANGUAGE_STANDARD = gnu17;
				GCC_DYNAMIC_NO_PIC = NO;
				GCC_NO_COMMON_BLOCKS = YES;
				GCC_OPTIMIZATION_LEVEL = 0;
				GCC_PREPROCESSOR_DEFINITIONS = (
					"DEBUG=1",
					"$(inherited)",
				);
				GCC_WARN_64_TO_32_BIT_CONVERSION = YES;
				GCC_WARN_ABOUT_RETURN_TYPE = YES_ERROR;
				GCC_WARN_UNDECLARED_SELECTOR = YES;
				GCC_WARN_UNINITIALIZED_AUTOS = YES_AGGRESSIVE;
				GCC_WARN_UNUSED_FUNCTION = YES;
				GCC_WARN_UNUSED_VARIABLE = YES;
				IPHONEOS_DEPLOYMENT_TARGET = 26.5;
				LOCALIZATION_PREFERS_STRING_CATALOGS = YES;
				MTL_ENABLE_DEBUG_INFO = INCLUDE_SOURCE;
				MTL_FAST_MATH = YES;
				ONLY_ACTIVE_ARCH = YES;
				SDKROOT = iphoneos;
				SWIFT_ACTIVE_COMPILATION_CONDITIONS = "DEBUG $(inherited)";
				SWIFT_OPTIMIZATION_LEVEL = "-Onone";
			};
			name = Debug;
		};
		DD12A8D6305CD63C005799BD /* Release */ = {
			isa = XCBuildConfiguration;
			buildSettings = {
				ALWAYS_SEARCH_USER_PATHS = NO;
				ASSETCATALOG_COMPILER_GENERATE_SWIFT_ASSET_SYMBOL_EXTENSIONS = YES;
				CLANG_ANALYZER_NONNULL = YES;
				CLANG_ANALYZER_NUMBER_OBJECT_CONVERSION = YES_AGGRESSIVE;
				CLANG_CXX_LANGUAGE_STANDARD = "gnu++20";
				CLANG_ENABLE_MODULES = YES;
				CLANG_ENABLE_OBJC_ARC = YES;
				CLANG_ENABLE_OBJC_WEAK = YES;
				CLANG_WARN_BLOCK_CAPTURE_AUTORELEASING = YES;
				CLANG_WARN_BOOL_CONVERSION = YES;
				CLANG_WARN_COMMA = YES;
				CLANG_WARN_CONSTANT_CONVERSION = YES;
				CLANG_WARN_DEPRECATED_OBJC_IMPLEMENTATIONS = YES;
				CLANG_WARN_DIRECT_OBJC_ISA_USAGE = YES_ERROR;
				CLANG_WARN_DOCUMENTATION_COMMENTS = YES;
				CLANG_WARN_EMPTY_BODY = YES;
				CLANG_WARN_ENUM_CONVERSION = YES;
				CLANG_WARN_INFINITE_RECURSION = YES;
				CLANG_WARN_INT_CONVERSION = YES;
				CLANG_WARN_NON_LITERAL_NULL_CONVERSION = YES;
				CLANG_WARN_OBJC_IMPLICIT_RETAIN_SELF = YES;
				CLANG_WARN_OBJC_LITERAL_CONVERSION = YES;
				CLANG_WARN_OBJC_ROOT_CLASS = YES_ERROR;
				CLANG_WARN_QUOTED_INCLUDE_IN_FRAMEWORK_HEADER = YES;
				CLANG_WARN_RANGE_LOOP_ANALYSIS = YES;
				CLANG_WARN_STRICT_PROTOTYPES = YES;
				CLANG_WARN_SUSPICIOUS_MOVE = YES;
				CLANG_WARN_UNGUARDED_AVAILABILITY = YES_AGGRESSIVE;
				CLANG_WARN_UNREACHABLE_CODE = YES;
				CLANG_WARN__DUPLICATE_METHOD_MATCH = YES;
				COPY_PHASE_STRIP = NO;
				DEBUG_INFORMATION_FORMAT = "dwarf-with-dsym";
				DEVELOPMENT_TEAM = DGK6VR7P2D;
				ENABLE_NS_ASSERTIONS = NO;
				ENABLE_STRICT_OBJC_MSGSEND = YES;
				ENABLE_USER_SCRIPT_SANDBOXING = YES;
				GCC_C_LANGUAGE_STANDARD = gnu17;
				GCC_NO_COMMON_BLOCKS = YES;
				GCC_WARN_64_TO_32_BIT_CONVERSION = YES;
				GCC_WARN_ABOUT_RETURN_TYPE = YES_ERROR;
				GCC_WARN_UNDECLARED_SELECTOR = YES;
				GCC_WARN_UNINITIALIZED_AUTOS = YES_AGGRESSIVE;
				GCC_WARN_UNUSED_FUNCTION = YES;
				GCC_WARN_UNUSED_VARIABLE = YES;
				IPHONEOS_DEPLOYMENT_TARGET = 26.5;
				LOCALIZATION_PREFERS_STRING_CATALOGS = YES;
				MTL_ENABLE_DEBUG_INFO = NO;
				MTL_FAST_MATH = YES;
				SDKROOT = iphoneos;
				SWIFT_COMPILATION_MODE = wholemodule;
				VALIDATE_PRODUCT = YES;
			};
			name = Release;
		};
		DD12A8D8305CD63C005799BD /* Debug */ = {
			isa = XCBuildConfiguration;
			baseConfigurationReference = 1E47D5B2350916F8A86464A3 /* Pods-ddlNew.debug.xcconfig */;
			buildSettings = {
				ASSETCATALOG_COMPILER_APPICON_NAME = AppIcon;
				ASSETCATALOG_COMPILER_GLOBAL_ACCENT_COLOR_NAME = AccentColor;
				CLANG_ENABLE_MODULES = YES;
				CODE_SIGN_STYLE = Automatic;
				CURRENT_PROJECT_VERSION = 1;
				DEBUG_INFORMATION_FORMAT = "dwarf-with-dsym";
				DEVELOPMENT_TEAM = DGK6VR7P2D;
				ENABLE_PREVIEWS = YES;
				ENABLE_USER_SCRIPT_SANDBOXING = NO;
				GENERATE_INFOPLIST_FILE = YES;
				INFOPLIST_FILE = ddlNew/Info.plist;
				INFOPLIST_KEY_CFBundleDisplayName = "活动空间";
				INFOPLIST_KEY_UIApplicationSceneManifest_Generation = YES;
				INFOPLIST_KEY_UIApplicationSupportsIndirectInputEvents = YES;
				INFOPLIST_KEY_UILaunchStoryboardName = LaunchScreen;
				INFOPLIST_KEY_UISupportedInterfaceOrientations = UIInterfaceOrientationPortrait;
				INFOPLIST_KEY_UISupportedInterfaceOrientations_iPad = "UIInterfaceOrientationLandscapeLeft UIInterfaceOrientationLandscapeRight UIInterfaceOrientationPortrait";
				INFOPLIST_KEY_UIUserInterfaceStyle = Light;
				IPHONEOS_DEPLOYMENT_TARGET = 16.0;
				LD_RUNPATH_SEARCH_PATHS = (
					"$(inherited)",
					"@executable_path/Frameworks",
				);
				LIBRARY_SEARCH_PATHS = (
					"$(inherited)",
					"$(PROJECT_DIR)/Vendor/LXChatEncrypt",
					"$(PROJECT_DIR)/ddlNew/Basic/LXChatEncrypt",
				);
				MARKETING_VERSION = 1.0;
				"OTHER_LDFLAGS[sdk=iphoneos*]" = (
					"$(inherited)",
					"-lLXChatEncrypt",
				);
				PRODUCT_BUNDLE_IDENTIFIER = com.sigua.ddlNew;
				PRODUCT_NAME = "$(TARGET_NAME)";
				STRING_CATALOG_GENERATE_SYMBOLS = YES;
				SUPPORTED_PLATFORMS = "iphoneos iphonesimulator";
				SUPPORTS_MACCATALYST = NO;
				SUPPORTS_MAC_DESIGNED_FOR_IPHONE_IPAD = NO;
				SUPPORTS_XR_DESIGNED_FOR_IPHONE_IPAD = NO;
				SWIFT_APPROACHABLE_CONCURRENCY = YES;
				SWIFT_DEFAULT_ACTOR_ISOLATION = MainActor;
				SWIFT_EMIT_LOC_STRINGS = YES;
				SWIFT_OBJC_BRIDGING_HEADER = "ddlNew/ddlNew-Bridging-Header.h";
				SWIFT_OPTIMIZATION_LEVEL = "-Onone";
				SWIFT_UPCOMING_FEATURE_MEMBER_IMPORT_VISIBILITY = YES;
				SWIFT_VERSION = 5.0;
				TARGETED_DEVICE_FAMILY = 1;
				WCDB_PRIVACY_FRAMEWORK_NO = "$(BUILT_PRODUCTS_DIR)/PackageFrameworks/WCDBSwiftDynamic.framework";
				WCDB_PRIVACY_FRAMEWORK_YES = "$(OBJROOT)/UninstalledProducts/$(PLATFORM_NAME)/WCDBSwiftDynamic.framework";
			};
			name = Debug;
		};
		DD12A8D9305CD63C005799BD /* Release */ = {
			isa = XCBuildConfiguration;
			baseConfigurationReference = F450AC13BFE6238D095ADEDD /* Pods-ddlNew.release.xcconfig */;
			buildSettings = {
				ASSETCATALOG_COMPILER_APPICON_NAME = AppIcon;
				ASSETCATALOG_COMPILER_GLOBAL_ACCENT_COLOR_NAME = AccentColor;
				CLANG_ENABLE_MODULES = YES;
				CODE_SIGN_STYLE = Automatic;
				CURRENT_PROJECT_VERSION = 1;
				DEBUG_INFORMATION_FORMAT = "dwarf-with-dsym";
				DEVELOPMENT_TEAM = DGK6VR7P2D;
				ENABLE_PREVIEWS = YES;
				ENABLE_USER_SCRIPT_SANDBOXING = NO;
				GENERATE_INFOPLIST_FILE = YES;
				INFOPLIST_FILE = ddlNew/Info.plist;
				INFOPLIST_KEY_CFBundleDisplayName = "活动空间";
				INFOPLIST_KEY_UIApplicationSceneManifest_Generation = YES;
				INFOPLIST_KEY_UIApplicationSupportsIndirectInputEvents = YES;
				INFOPLIST_KEY_UILaunchStoryboardName = LaunchScreen;
				INFOPLIST_KEY_UISupportedInterfaceOrientations = UIInterfaceOrientationPortrait;
				INFOPLIST_KEY_UISupportedInterfaceOrientations_iPad = "UIInterfaceOrientationLandscapeLeft UIInterfaceOrientationLandscapeRight UIInterfaceOrientationPortrait";
				INFOPLIST_KEY_UIUserInterfaceStyle = Light;
				IPHONEOS_DEPLOYMENT_TARGET = 16.0;
				LD_RUNPATH_SEARCH_PATHS = (
					"$(inherited)",
					"@executable_path/Frameworks",
				);
				LIBRARY_SEARCH_PATHS = (
					"$(inherited)",
					"$(PROJECT_DIR)/Vendor/LXChatEncrypt",
					"$(PROJECT_DIR)/ddlNew/Basic/LXChatEncrypt",
				);
				MARKETING_VERSION = 1.0;
				"OTHER_LDFLAGS[sdk=iphoneos*]" = (
					"$(inherited)",
					"-lLXChatEncrypt",
				);
				PRODUCT_BUNDLE_IDENTIFIER = com.sigua.ddlNew;
				PRODUCT_NAME = "$(TARGET_NAME)";
				STRING_CATALOG_GENERATE_SYMBOLS = YES;
				SUPPORTED_PLATFORMS = "iphoneos iphonesimulator";
				SUPPORTS_MACCATALYST = NO;
				SUPPORTS_MAC_DESIGNED_FOR_IPHONE_IPAD = NO;
				SUPPORTS_XR_DESIGNED_FOR_IPHONE_IPAD = NO;
				SWIFT_APPROACHABLE_CONCURRENCY = YES;
				SWIFT_DEFAULT_ACTOR_ISOLATION = MainActor;
				SWIFT_EMIT_LOC_STRINGS = YES;
				SWIFT_OBJC_BRIDGING_HEADER = "ddlNew/ddlNew-Bridging-Header.h";
				SWIFT_UPCOMING_FEATURE_MEMBER_IMPORT_VISIBILITY = YES;
				SWIFT_VERSION = 5.0;
				TARGETED_DEVICE_FAMILY = 1;
				WCDB_PRIVACY_FRAMEWORK_NO = "$(BUILT_PRODUCTS_DIR)/PackageFrameworks/WCDBSwiftDynamic.framework";
				WCDB_PRIVACY_FRAMEWORK_YES = "$(OBJROOT)/UninstalledProducts/$(PLATFORM_NAME)/WCDBSwiftDynamic.framework";
			};
			name = Release;
		};
		E7F5F576760A18EEBF71AECD /* Debug */ = {
			isa = XCBuildConfiguration;
			buildSettings = {
				CLANG_ENABLE_OBJC_WEAK = NO;
				CODE_SIGN_STYLE = Automatic;
				GENERATE_INFOPLIST_FILE = YES;
				IPHONEOS_DEPLOYMENT_TARGET = 15.0;
				PRODUCT_BUNDLE_IDENTIFIER = com.sigua.ddlNew.UITests;
				PRODUCT_NAME = "$(TARGET_NAME)";
				SDKROOT = iphoneos;
				SWIFT_VERSION = 5.0;
				TARGETED_DEVICE_FAMILY = "1,2";
				TEST_TARGET_NAME = ddlNew;
			};
			name = Debug;
		};
/* End XCBuildConfiguration section */

/* Begin XCConfigurationList section */
		89CC7A03544E3226A7B81D3D /* Build configuration list for PBXNativeTarget "ddlNewUITests" */ = {
			isa = XCConfigurationList;
			buildConfigurations = (
				9F68B8A76DA4AC78F0F22182 /* Release */,
				E7F5F576760A18EEBF71AECD /* Debug */,
			);
			defaultConfigurationIsVisible = 0;
			defaultConfigurationName = Release;
		};
		DD12A8C7305CD63A005799BD /* Build configuration list for PBXProject "ddlNew" */ = {
			isa = XCConfigurationList;
			buildConfigurations = (
				DD12A8D5305CD63C005799BD /* Debug */,
				DD12A8D6305CD63C005799BD /* Release */,
			);
			defaultConfigurationIsVisible = 0;
			defaultConfigurationName = Release;
		};
		DD12A8D7305CD63C005799BD /* Build configuration list for PBXNativeTarget "ddlNew" */ = {
			isa = XCConfigurationList;
			buildConfigurations = (
				DD12A8D8305CD63C005799BD /* Debug */,
				DD12A8D9305CD63C005799BD /* Release */,
			);
			defaultConfigurationIsVisible = 0;
			defaultConfigurationName = Release;
		};
/* End XCConfigurationList section */

/* Begin XCRemoteSwiftPackageReference section */
		28A1C0010000000000000005 /* XCRemoteSwiftPackageReference "Kingfisher" */ = {
			isa = XCRemoteSwiftPackageReference;
			repositoryURL = "https://github.com/onevcat/Kingfisher.git";
			requirement = {
				kind = upToNextMajorVersion;
				minimumVersion = 8.0.0;
			};
		};
		28A1C0010000000000000006 /* XCRemoteSwiftPackageReference "CocoaAsyncSocket" */ = {
			isa = XCRemoteSwiftPackageReference;
			repositoryURL = "https://github.com/robbiehanson/CocoaAsyncSocket.git";
			requirement = {
				kind = upToNextMajorVersion;
				minimumVersion = 7.6.4;
			};
		};
		4142392EA096483992E8FCF3 /* XCRemoteSwiftPackageReference "sentry-cocoa" */ = {
			isa = XCRemoteSwiftPackageReference;
			repositoryURL = "https://github.com/getsentry/sentry-cocoa/";
			requirement = {
				kind = upToNextMajorVersion;
				minimumVersion = 9.0.0;
			};
		};
		A71B2C3D4E5F60718293A402 /* XCRemoteSwiftPackageReference "Moya" */ = {
			isa = XCRemoteSwiftPackageReference;
			repositoryURL = "https://github.com/Moya/Moya.git";
			requirement = {
				kind = upToNextMajorVersion;
				minimumVersion = 15.0.0;
			};
		};
		A71B2C3D4E5F60718293A404 /* XCRemoteSwiftPackageReference "RxSwift" */ = {
			isa = XCRemoteSwiftPackageReference;
			repositoryURL = "https://github.com/ReactiveX/RxSwift.git";
			requirement = {
				kind = upToNextMajorVersion;
				minimumVersion = 6.10.0;
			};
		};
		AF019ABC305D300000000001 /* XCRemoteSwiftPackageReference "wcdb" */ = {
			isa = XCRemoteSwiftPackageReference;
			repositoryURL = "https://github.com/Tencent/wcdb";
			requirement = {
				kind = upToNextMajorVersion;
				minimumVersion = 2.1.16;
			};
		};
		AF019ABC305D300000000004 /* XCRemoteSwiftPackageReference "UIAdapter" */ = {
			isa = XCRemoteSwiftPackageReference;
			repositoryURL = "https://github.com/lixiang1994/UIAdapter.git";
			requirement = {
				kind = upToNextMajorVersion;
				minimumVersion = 1.4.0;
			};
		};
		AF019ABC305D300000000007 /* XCRemoteSwiftPackageReference "AlertToast" */ = {
			isa = XCRemoteSwiftPackageReference;
			repositoryURL = "https://github.com/elai950/AlertToast.git";
			requirement = {
				kind = upToNextMajorVersion;
				minimumVersion = 1.3.9;
			};
		};
		AF019ABC305D30000000000A /* XCRemoteSwiftPackageReference "SwiftUIX" */ = {
			isa = XCRemoteSwiftPackageReference;
			repositoryURL = "https://github.com/SwiftUIX/SwiftUIX.git";
			requirement = {
				kind = upToNextMajorVersion;
				minimumVersion = 0.3.2;
			};
		};
		AF019ABC305D30000000000D /* XCRemoteSwiftPackageReference "swiftui-introspect" */ = {
			isa = XCRemoteSwiftPackageReference;
			repositoryURL = "https://github.com/siteline/swiftui-introspect.git";
			requirement = {
				kind = upToNextMajorVersion;
				minimumVersion = 27.0.0;
			};
		};
		C0D3A0010000000000000005 /* XCRemoteSwiftPackageReference "MMKV" */ = {
			isa = XCRemoteSwiftPackageReference;
			repositoryURL = "https://github.com/Tencent/MMKV.git";
			requirement = {
				kind = upToNextMajorVersion;
				minimumVersion = 2.4.2;
			};
		};
		C0D3A0010000000000000006 /* XCRemoteSwiftPackageReference "Localize-Swift" */ = {
			isa = XCRemoteSwiftPackageReference;
			repositoryURL = "https://github.com/marmelroy/Localize-Swift.git";
			requirement = {
				kind = upToNextMajorVersion;
				minimumVersion = 3.2.0;
			};
		};
		DD107D83305D254A0022CB3C /* XCRemoteSwiftPackageReference "TBBasicLib" */ = {
			isa = XCRemoteSwiftPackageReference;
			repositoryURL = "https://github.com/tbLibs/TBBasicLib";
			requirement = {
				kind = upToNextMajorVersion;
				minimumVersion = 0.3.8;
			};
		};
		DD4B2D4D306274680031D035 /* XCRemoteSwiftPackageReference "ObjectMapper" */ = {
			isa = XCRemoteSwiftPackageReference;
			repositoryURL = "https://github.com/tristanhimmelman/ObjectMapper.git";
			requirement = {
				kind = upToNextMajorVersion;
				minimumVersion = 4.4.3;
			};
		};
		DDA7937B3064B6D8002421B4 /* XCRemoteSwiftPackageReference "swift-protobuf" */ = {
			isa = XCRemoteSwiftPackageReference;
			repositoryURL = "https://github.com/apple/swift-protobuf.git";
			requirement = {
				kind = upToNextMajorVersion;
				minimumVersion = 1.38.1;
			};
		};
/* End XCRemoteSwiftPackageReference section */

/* Begin XCSwiftPackageProductDependency section */
		28A1C0010000000000000003 /* Kingfisher */ = {
			isa = XCSwiftPackageProductDependency;
			package = 28A1C0010000000000000005 /* XCRemoteSwiftPackageReference "Kingfisher" */;
			productName = Kingfisher;
		};
		28A1C0010000000000000004 /* CocoaAsyncSocket */ = {
			isa = XCSwiftPackageProductDependency;
			package = 28A1C0010000000000000006 /* XCRemoteSwiftPackageReference "CocoaAsyncSocket" */;
			productName = CocoaAsyncSocket;
		};
		A71B2C3D4E5F60718293A401 /* Moya */ = {
			isa = XCSwiftPackageProductDependency;
			package = A71B2C3D4E5F60718293A402 /* XCRemoteSwiftPackageReference "Moya" */;
			productName = Moya;
		};
		A71B2C3D4E5F60718293A405 /* RxSwift */ = {
			isa = XCSwiftPackageProductDependency;
			package = A71B2C3D4E5F60718293A404 /* XCRemoteSwiftPackageReference "RxSwift" */;
			productName = RxSwift;
		};
		A71B2C3D4E5F60718293A407 /* RxMoya */ = {
			isa = XCSwiftPackageProductDependency;
			package = A71B2C3D4E5F60718293A402 /* XCRemoteSwiftPackageReference "Moya" */;
			productName = RxMoya;
		};
		A71B2C3D4E5F60718293A409 /* RxCocoa */ = {
			isa = XCSwiftPackageProductDependency;
			package = A71B2C3D4E5F60718293A404 /* XCRemoteSwiftPackageReference "RxSwift" */;
			productName = RxCocoa;
		};
		AF019ABC305D300000000002 /* WCDBSwiftDynamic */ = {
			isa = XCSwiftPackageProductDependency;
			package = AF019ABC305D300000000001 /* XCRemoteSwiftPackageReference "wcdb" */;
			productName = WCDBSwiftDynamic;
		};
		AF019ABC305D300000000005 /* UIAdapter */ = {
			isa = XCSwiftPackageProductDependency;
			package = AF019ABC305D300000000004 /* XCRemoteSwiftPackageReference "UIAdapter" */;
			productName = UIAdapter;
		};
		AF019ABC305D300000000008 /* AlertToast */ = {
			isa = XCSwiftPackageProductDependency;
			package = AF019ABC305D300000000007 /* XCRemoteSwiftPackageReference "AlertToast" */;
			productName = AlertToast;
		};
		AF019ABC305D30000000000B /* SwiftUIX */ = {
			isa = XCSwiftPackageProductDependency;
			package = AF019ABC305D30000000000A /* XCRemoteSwiftPackageReference "SwiftUIX" */;
			productName = SwiftUIX;
		};
		AF019ABC305D30000000000E /* SwiftUIIntrospect */ = {
			isa = XCSwiftPackageProductDependency;
			package = AF019ABC305D30000000000D /* XCRemoteSwiftPackageReference "swiftui-introspect" */;
			productName = SwiftUIIntrospect;
		};
		C0D3A0010000000000000002 /* MMKV */ = {
			isa = XCSwiftPackageProductDependency;
			package = C0D3A0010000000000000005 /* XCRemoteSwiftPackageReference "MMKV" */;
			productName = MMKV;
		};
		C0D3A0010000000000000004 /* Localize_Swift */ = {
			isa = XCSwiftPackageProductDependency;
			package = C0D3A0010000000000000006 /* XCRemoteSwiftPackageReference "Localize-Swift" */;
			productName = Localize_Swift;
		};
		DD4B2D4E306274680031D035 /* ObjectMapper */ = {
			isa = XCSwiftPackageProductDependency;
			package = DD4B2D4D306274680031D035 /* XCRemoteSwiftPackageReference "ObjectMapper" */;
			productName = ObjectMapper;
		};
		DDA7937C3064B6D9002421B4 /* SwiftProtobuf */ = {
			isa = XCSwiftPackageProductDependency;
			package = DDA7937B3064B6D8002421B4 /* XCRemoteSwiftPackageReference "swift-protobuf" */;
			productName = SwiftProtobuf;
		};
		DDC481FA306101510097F2C3 /* TBBasicLib */ = {
			isa = XCSwiftPackageProductDependency;
			package = DD107D83305D254A0022CB3C /* XCRemoteSwiftPackageReference "TBBasicLib" */;
			productName = TBBasicLib;
		};
		E70490D2949F485DB50D1748 /* Sentry */ = {
			isa = XCSwiftPackageProductDependency;
			package = 4142392EA096483992E8FCF3 /* XCRemoteSwiftPackageReference "sentry-cocoa" */;
			productName = Sentry;
		};
/* End XCSwiftPackageProductDependency section */
	};
	rootObject = DD12A8C4305CD63A005799BD /* Project object */;
}
